
Microsoft Visual Studio Solution File, Format Version 12.00
# Visual Studio Version 17
VisualStudioVersion = 17.8.34309.116
MinimumVisualStudioVersion = 10.0.40219.1
Project("{9A19103F-16F7-4668-BE54-9A1E7A4F7556}") = "Rebus.Kafka", "Rebus.Kafka\Rebus.Kafka.csproj", "{9AF8EFE0-B5C6-4B43-ABD5-66190ED13FF5}"
EndProject
Project("{9A19103F-16F7-4668-BE54-9A1E7A4F7556}") = "Rebus.Kafka.Tests", "Rebus.Kafka.Tests\Rebus.Kafka.Tests.csproj", "{D183CD0E-32F4-4B4B-B35A-28EFAED66E72}"
EndProject
Project("{2150E333-8FDC-42A3-9474-1A3956D46DE8}") = "Examples", "Examples", "{99192087-E06A-44BE-9B0A-80767F9C46E7}"
EndProject
Project("{9A19103F-16F7-4668-BE54-9A1E7A4F7556}") = "ProducerConsumer", "Examples\ProducerConsumer\ProducerConsumer.csproj", "{1D435DE6-6325-4A43-950A-8F157BD5AD46}"
EndProject
Project("{9A19103F-16F7-4668-BE54-9A1E7A4F7556}") = "Scaleout.Consumers", "Examples\Scaleout.Consumers\Scaleout.Consumers.csproj", "{92BE1ADE-FB7F-4680-BD49-3FE3BB16D9A7}"
EndProject
Project("{9A19103F-16F7-4668-BE54-9A1E7A4F7556}") = "Scaleout.Messages", "Examples\Scaleout.Messages\Scaleout.Messages.csproj", "{562183E3-1270-4DD6-A168-05746DB814C1}"
EndProject
Project("{9A19103F-16F7-4668-BE54-9A1E7A4F7556}") = "Scaleout.Producer", "Examples\Scaleout.Producer\Scaleout.Producer.csproj", "{AEF24A7E-B529-4B69-AF4B-0665B5201D74}"
EndProject
Project("{9A19103F-16F7-4668-BE54-9A1E7A4F7556}") = "KafkaAsOneWayTransport", "Examples\KafkaAsOneWayTransport\KafkaAsOneWayTransport.csproj", "{1647F72A-9E51-4773-90CD-0C1537CF9256}"
EndProject
Project("{2150E333-8FDC-42A3-9474-1A3956D46DE8}") = "Solution Items", "Solution Items", "{136E32CF-C42C-4365-BAAB-13F97ADC6471}"
	ProjectSection(SolutionItems) = preProject
		LICENSE = LICENSE
		README.md = README.md
	EndProjectSection
EndProject
Project("{9A19103F-16F7-4668-BE54-9A1E7A4F7556}") = "RetryStrategy", "Examples\RetryStrategy\RetryStrategy.csproj", "{73846992-9870-4ECE-8EE3-0EF56345D2F8}"
EndProject
Project("{9A19103F-16F7-4668-BE54-9A1E7A4F7556}") = "IdempotentSaga", "IdempotentSaga\IdempotentSaga.csproj", "{281ABB94-F775-43D5-A628-B4E28D028361}"
EndProject
Project("{FAE04EC0-301F-11D3-BF4B-00C04F79EFBC}") = "TwoBusInHost", "TwoBusInHost\TwoBusInHost.csproj", "{C98CFACE-9179-4DD3-89E7-43349FB9CE87}"
EndProject
Global
	GlobalSection(SolutionConfigurationPlatforms) = preSolution
		Debug|Any CPU = Debug|Any CPU
		Release|Any CPU = Release|Any CPU
	EndGlobalSection
	GlobalSection(ProjectConfigurationPlatforms) = postSolution
		{9AF8EFE0-B5C6-4B43-ABD5-66190ED13FF5}.Debug|Any CPU.ActiveCfg = Debug|Any CPU
		{9AF8EFE0-B5C6-4B43-ABD5-66190ED13FF5}.Debug|Any CPU.Build.0 = Debug|Any CPU
		{9AF8EFE0-B5C6-4B43-ABD5-66190ED13FF5}.Release|Any CPU.ActiveCfg = Release|Any CPU
		{9AF8EFE0-B5C6-4B43-ABD5-66190ED13FF5}.Release|Any CPU.Build.0 = Release|Any CPU
		{D183CD0E-32F4-4B4B-B35A-28EFAED66E72}.Debug|Any CPU.ActiveCfg = Debug|Any CPU
		{D183CD0E-32F4-4B4B-B35A-28EFAED66E72}.Debug|Any CPU.Build.0 = Debug|Any CPU
		{D183CD0E-32F4-4B4B-B35A-28EFAED66E72}.Release|Any CPU.ActiveCfg = Release|Any CPU
		{D183CD0E-32F4-4B4B-B35A-28EFAED66E72}.Release|Any CPU.Build.0 = Release|Any CPU
		{1D435DE6-6325-4A43-950A-8F157BD5AD46}.Debug|Any CPU.ActiveCfg = Debug|Any CPU
		{1D435DE6-6325-4A43-950A-8F157BD5AD46}.Debug|Any CPU.Build.0 = Debug|Any CPU
		{1D435DE6-6325-4A43-950A-8F157BD5AD46}.Release|Any CPU.ActiveCfg = Release|Any CPU
		{1D435DE6-6325-4A43-950A-8F157BD5AD46}.Release|Any CPU.Build.0 = Release|Any CPU
		{92BE1ADE-FB7F-4680-BD49-3FE3BB16D9A7}.Debug|Any CPU.ActiveCfg = Debug|Any CPU
		{92BE1ADE-FB7F-4680-BD49-3FE3BB16D9A7}.Debug|Any CPU.Build.0 = Debug|Any CPU
		{92BE1ADE-FB7F-4680-BD49-3FE3BB16D9A7}.Release|Any CPU.ActiveCfg = Release|Any CPU
		{92BE1ADE-FB7F-4680-BD49-3FE3BB16D9A7}.Release|Any CPU.Build.0 = Release|Any CPU
		{562183E3-1270-4DD6-A168-05746DB814C1}.Debug|Any CPU.ActiveCfg = Debug|Any CPU
		{562183E3-1270-4DD6-A168-05746DB814C1}.Debug|Any CPU.Build.0 = Debug|Any CPU
		{562183E3-1270-4DD6-A168-05746DB814C1}.Release|Any CPU.ActiveCfg = Release|Any CPU
		{562183E3-1270-4DD6-A168-05746DB814C1}.Release|Any CPU.Build.0 = Release|Any CPU
		{AEF24A7E-B529-4B69-AF4B-0665B5201D74}.Debug|Any CPU.ActiveCfg = Debug|Any CPU
		{AEF24A7E-B529-4B69-AF4B-0665B5201D74}.Debug|Any CPU.Build.0 = Debug|Any CPU
		{AEF24A7E-B529-4B69-AF4B-0665B5201D74}.Release|Any CPU.ActiveCfg = Release|Any CPU
		{AEF24A7E-B529-4B69-AF4B-0665B5201D74}.Release|Any CPU.Build.0 = Release|Any CPU
		{1647F72A-9E51-4773-90CD-0C1537CF9256}.Debug|Any CPU.ActiveCfg = Debug|Any CPU
		{1647F72A-9E51-4773-90CD-0C1537CF9256}.Debug|Any CPU.Build.0 = Debug|Any CPU
		{1647F72A-9E51-4773-90CD-0C1537CF9256}.Release|Any CPU.ActiveCfg = Release|Any CPU
		{1647F72A-9E51-4773-90CD-0C1537CF9256}.Release|Any CPU.Build.0 = Release|Any CPU
		{73846992-9870-4ECE-8EE3-0EF56345D2F8}.Debug|Any CPU.ActiveCfg = Debug|Any CPU
		{73846992-9870-4ECE-8EE3-0EF56345D2F8}.Debug|Any CPU.Build.0 = Debug|Any CPU
		{73846992-9870-4ECE-8EE3-0EF56345D2F8}.Release|Any CPU.ActiveCfg = Release|Any CPU
		{73846992-9870-4ECE-8EE3-0EF56345D2F8}.Release|Any CPU.Build.0 = Release|Any CPU
		{281ABB94-F775-43D5-A628-B4E28D028361}.Debug|Any CPU.ActiveCfg = Debug|Any CPU
		{281ABB94-F775-43D5-A628-B4E28D028361}.Debug|Any CPU.Build.0 = Debug|Any CPU
		{281ABB94-F775-43D5-A628-B4E28D028361}.Release|Any CPU.ActiveCfg = Release|Any CPU
		{281ABB94-F775-43D5-A628-B4E28D028361}.Release|Any CPU.Build.0 = Release|Any CPU
		{C98CFACE-9179-4DD3-89E7-43349FB9CE87}.Debug|Any CPU.ActiveCfg = Debug|Any CPU
		{C98CFACE-9179-4DD3-89E7-43349FB9CE87}.Debug|Any CPU.Build.0 = Debug|Any CPU
		{C98CFACE-9179-4DD3-89E7-43349FB9CE87}.Release|Any CPU.ActiveCfg = Release|Any CPU
		{C98CFACE-9179-4DD3-89E7-43349FB9CE87}.Release|Any CPU.Build.0 = Release|Any CPU
	EndGlobalSection
	GlobalSection(SolutionProperties) = preSolution
		HideSolutionNode = FALSE
	EndGlobalSection
	GlobalSection(NestedProjects) = preSolution
		{1D435DE6-6325-4A43-950A-8F157BD5AD46} = {99192087-E06A-44BE-9B0A-80767F9C46E7}
		{92BE1ADE-FB7F-4680-BD49-3FE3BB16D9A7} = {99192087-E06A-44BE-9B0A-80767F9C46E7}
		{562183E3-1270-4DD6-A168-05746DB814C1} = {99192087-E06A-44BE-9B0A-80767F9C46E7}
		{AEF24A7E-B529-4B69-AF4B-0665B5201D74} = {99192087-E06A-44BE-9B0A-80767F9C46E7}
		{1647F72A-9E51-4773-90CD-0C1537CF9256} = {99192087-E06A-44BE-9B0A-80767F9C46E7}
		{73846992-9870-4ECE-8EE3-0EF56345D2F8} = {99192087-E06A-44BE-9B0A-80767F9C46E7}
		{281ABB94-F775-43D5-A628-B4E28D028361} = {99192087-E06A-44BE-9B0A-80767F9C46E7}
		{C98CFACE-9179-4DD3-89E7-43349FB9CE87} = {99192087-E06A-44BE-9B0A-80767F9C46E7}
	EndGlobalSection
	GlobalSection(ExtensibilityGlobals) = postSolution
		SolutionGuid = {5B53D2CE-3FFB-4D18-83E9-1BF79A6E9F88}
	EndGlobalSection
EndGlobal
