
Microsoft Visual Studio Solution File, Format Version 12.00
# Visual Studio 15
VisualStudioVersion = 15.0.28307.329
MinimumVisualStudioVersion = 10.0.40219.1
Project("{FAE04EC0-301F-11D3-BF4B-00C04F79EFBC}") = "Rebus.Kafka", "Rebus.Kafka\Rebus.Kafka.csproj", "{9AF8EFE0-B5C6-4B43-ABD5-66190ED13FF5}"
EndProject
Project("{FAE04EC0-301F-11D3-BF4B-00C04F79EFBC}") = "Rebus.Kafka.Tests", "Rebus.Kafka.Tests\Rebus.Kafka.Tests.csproj", "{D183CD0E-32F4-4B4B-B35A-28EFAED66E72}"
EndProject
Global
	GlobalSection(SolutionConfigurationPlatforms) = preSolution
		Debug|Any CPU = Debug|Any CPU
		Release|Any CPU = Release|Any CPU
	EndGlobalSection
	GlobalSection(ProjectConfigurationPlatforms) = postSolution
		{9AF8EFE0-B5C6-4B43-ABD5-66190ED13FF5}.Debug|Any CPU.ActiveCfg = Debug|Any CPU
		{9AF8EFE0-B5C6-4B43-ABD5-66190ED13FF5}.Debug|Any CPU.Build.0 = Debug|Any CPU
		{9AF8EFE0-B5C6-4B43-ABD5-66190ED13FF5}.Release|Any CPU.ActiveCfg = Release|Any CPU
		{9AF8EFE0-B5C6-4B43-ABD5-66190ED13FF5}.Release|Any CPU.Build.0 = Release|Any CPU
		{D183CD0E-32F4-4B4B-B35A-28EFAED66E72}.Debug|Any CPU.ActiveCfg = Debug|Any CPU
		{D183CD0E-32F4-4B4B-B35A-28EFAED66E72}.Debug|Any CPU.Build.0 = Debug|Any CPU
		{D183CD0E-32F4-4B4B-B35A-28EFAED66E72}.Release|Any CPU.ActiveCfg = Release|Any CPU
		{D183CD0E-32F4-4B4B-B35A-28EFAED66E72}.Release|Any CPU.Build.0 = Release|Any CPU
	EndGlobalSection
	GlobalSection(SolutionProperties) = preSolution
		HideSolutionNode = FALSE
	EndGlobalSection
	GlobalSection(ExtensibilityGlobals) = postSolution
		SolutionGuid = {5B53D2CE-3FFB-4D18-83E9-1BF79A6E9F88}
	EndGlobalSection
EndGlobal
